
Microsoft Visual Studio Solution File, Format Version 12.00
# Visual Studio 14
VisualStudioVersion = 14.0.25420.1
MinimumVisualStudioVersion = 10.0.40219.1
Project("{2150E333-8FDC-42A3-9474-1A3956D46DE8}") = "01 Common 基础结构层", "01 Common 基础结构层", "{E9F0AA30-D535-4A8B-B80E-C24481CC65F5}"
EndProject
Project("{FAE04EC0-301F-11D3-BF4B-00C04F79EFBC}") = "DRP.Code", "DRP.Code\DRP.Code.csproj", "{3BD3B99E-D95A-4431-85C5-E7D1A0D079A0}"
EndProject
Project("{FAE04EC0-301F-11D3-BF4B-00C04F79EFBC}") = "DRP.Data", "DRP.Data\DRP.Data.csproj", "{BCFA8E43-0B2D-4A32-8535-FFF6EFB5C0E3}"
EndProject
Project("{2150E333-8FDC-42A3-9474-1A3956D46DE8}") = "02 Domain 应用服务层", "02 Domain 应用服务层", "{29AEE020-C823-4474-BF10-92ACDBCE2E8E}"
EndProject
Project("{FAE04EC0-301F-11D3-BF4B-00C04F79EFBC}") = "DRP.Application", "DRP.Application\DRP.Application.csproj", "{7029847C-C059-4491-97C6-45330681DDC3}"
EndProject
Project("{FAE04EC0-301F-11D3-BF4B-00C04F79EFBC}") = "DRP.Domain", "DRP.Domain\DRP.Domain.csproj", "{4C70C92C-A228-4BD7-831C-7FCD4DA8A0AE}"
EndProject
Project("{FAE04EC0-301F-11D3-BF4B-00C04F79EFBC}") = "DRP.Mapping", "DRP.Mapping\DRP.Mapping.csproj", "{705745B2-AD06-4550-A669-7BAFF50D9E42}"
EndProject
Project("{FAE04EC0-301F-11D3-BF4B-00C04F79EFBC}") = "DRP.Repository", "DRP.Repository\DRP.Repository.csproj", "{124CD8CE-D1FB-40F0-8248-7E80B092426D}"
EndProject
Project("{2150E333-8FDC-42A3-9474-1A3956D46DE8}") = "03 Web 应用程序", "03 Web 应用程序", "{B455F594-721A-4C99-B7E6-FB132DE1D677}"
EndProject
Project("{FAE04EC0-301F-11D3-BF4B-00C04F79EFBC}") = "DRP.Web", "DRP.Web\DRP.Web.csproj", "{CD7B4EF3-B6F9-42B3-A712-AA674EADFF64}"
EndProject
Project("{FAE04EC0-301F-11D3-BF4B-00C04F79EFBC}") = "DRP.Client.Web", "DRP.Client.Web\DRP.Client.Web.csproj", "{2628CBC4-B117-4A26-B3A8-49EFF1CE6437}"
EndProject
Project("{2150E333-8FDC-42A3-9474-1A3956D46DE8}") = "04 Tools 工具", "04 Tools 工具", "{2D101F1B-FF09-4BB5-AFF9-3BC250739F1E}"
EndProject
Project("{FAE04EC0-301F-11D3-BF4B-00C04F79EFBC}") = "EmailTool", "EmailTool\EmailTool.csproj", "{68337464-E01B-4DD1-9237-0217339F9670}"
EndProject
Project("{FAE04EC0-301F-11D3-BF4B-00C04F79EFBC}") = "CommonTools", "CommonTools\CommonTools.csproj", "{04CB95E6-5935-4F97-87DA-B2956E8D9B3E}"
EndProject
Global
	GlobalSection(SolutionConfigurationPlatforms) = preSolution
		Debug|Any CPU = Debug|Any CPU
		Release|Any CPU = Release|Any CPU
	EndGlobalSection
	GlobalSection(ProjectConfigurationPlatforms) = postSolution
		{3BD3B99E-D95A-4431-85C5-E7D1A0D079A0}.Debug|Any CPU.ActiveCfg = Debug|Any CPU
		{3BD3B99E-D95A-4431-85C5-E7D1A0D079A0}.Debug|Any CPU.Build.0 = Debug|Any CPU
		{3BD3B99E-D95A-4431-85C5-E7D1A0D079A0}.Release|Any CPU.ActiveCfg = Release|Any CPU
		{3BD3B99E-D95A-4431-85C5-E7D1A0D079A0}.Release|Any CPU.Build.0 = Release|Any CPU
		{BCFA8E43-0B2D-4A32-8535-FFF6EFB5C0E3}.Debug|Any CPU.ActiveCfg = Debug|Any CPU
		{BCFA8E43-0B2D-4A32-8535-FFF6EFB5C0E3}.Debug|Any CPU.Build.0 = Debug|Any CPU
		{BCFA8E43-0B2D-4A32-8535-FFF6EFB5C0E3}.Release|Any CPU.ActiveCfg = Release|Any CPU
		{BCFA8E43-0B2D-4A32-8535-FFF6EFB5C0E3}.Release|Any CPU.Build.0 = Release|Any CPU
		{7029847C-C059-4491-97C6-45330681DDC3}.Debug|Any CPU.ActiveCfg = Debug|Any CPU
		{7029847C-C059-4491-97C6-45330681DDC3}.Debug|Any CPU.Build.0 = Debug|Any CPU
		{7029847C-C059-4491-97C6-45330681DDC3}.Release|Any CPU.ActiveCfg = Release|Any CPU
		{7029847C-C059-4491-97C6-45330681DDC3}.Release|Any CPU.Build.0 = Release|Any CPU
		{4C70C92C-A228-4BD7-831C-7FCD4DA8A0AE}.Debug|Any CPU.ActiveCfg = Debug|Any CPU
		{4C70C92C-A228-4BD7-831C-7FCD4DA8A0AE}.Debug|Any CPU.Build.0 = Debug|Any CPU
		{4C70C92C-A228-4BD7-831C-7FCD4DA8A0AE}.Release|Any CPU.ActiveCfg = Release|Any CPU
		{4C70C92C-A228-4BD7-831C-7FCD4DA8A0AE}.Release|Any CPU.Build.0 = Release|Any CPU
		{705745B2-AD06-4550-A669-7BAFF50D9E42}.Debug|Any CPU.ActiveCfg = Debug|Any CPU
		{705745B2-AD06-4550-A669-7BAFF50D9E42}.Debug|Any CPU.Build.0 = Debug|Any CPU
		{705745B2-AD06-4550-A669-7BAFF50D9E42}.Release|Any CPU.ActiveCfg = Release|Any CPU
		{705745B2-AD06-4550-A669-7BAFF50D9E42}.Release|Any CPU.Build.0 = Release|Any CPU
		{124CD8CE-D1FB-40F0-8248-7E80B092426D}.Debug|Any CPU.ActiveCfg = Debug|Any CPU
		{124CD8CE-D1FB-40F0-8248-7E80B092426D}.Debug|Any CPU.Build.0 = Debug|Any CPU
		{124CD8CE-D1FB-40F0-8248-7E80B092426D}.Release|Any CPU.ActiveCfg = Release|Any CPU
		{124CD8CE-D1FB-40F0-8248-7E80B092426D}.Release|Any CPU.Build.0 = Release|Any CPU
		{CD7B4EF3-B6F9-42B3-A712-AA674EADFF64}.Debug|Any CPU.ActiveCfg = Debug|Any CPU
		{CD7B4EF3-B6F9-42B3-A712-AA674EADFF64}.Debug|Any CPU.Build.0 = Debug|Any CPU
		{CD7B4EF3-B6F9-42B3-A712-AA674EADFF64}.Release|Any CPU.ActiveCfg = Release|Any CPU
		{CD7B4EF3-B6F9-42B3-A712-AA674EADFF64}.Release|Any CPU.Build.0 = Release|Any CPU
		{2628CBC4-B117-4A26-B3A8-49EFF1CE6437}.Debug|Any CPU.ActiveCfg = Debug|Any CPU
		{2628CBC4-B117-4A26-B3A8-49EFF1CE6437}.Debug|Any CPU.Build.0 = Debug|Any CPU
		{2628CBC4-B117-4A26-B3A8-49EFF1CE6437}.Release|Any CPU.ActiveCfg = Release|Any CPU
		{2628CBC4-B117-4A26-B3A8-49EFF1CE6437}.Release|Any CPU.Build.0 = Release|Any CPU
		{68337464-E01B-4DD1-9237-0217339F9670}.Debug|Any CPU.ActiveCfg = Debug|Any CPU
		{68337464-E01B-4DD1-9237-0217339F9670}.Debug|Any CPU.Build.0 = Debug|Any CPU
		{68337464-E01B-4DD1-9237-0217339F9670}.Release|Any CPU.ActiveCfg = Release|Any CPU
		{68337464-E01B-4DD1-9237-0217339F9670}.Release|Any CPU.Build.0 = Release|Any CPU
		{04CB95E6-5935-4F97-87DA-B2956E8D9B3E}.Debug|Any CPU.ActiveCfg = Debug|Any CPU
		{04CB95E6-5935-4F97-87DA-B2956E8D9B3E}.Debug|Any CPU.Build.0 = Debug|Any CPU
		{04CB95E6-5935-4F97-87DA-B2956E8D9B3E}.Release|Any CPU.ActiveCfg = Release|Any CPU
		{04CB95E6-5935-4F97-87DA-B2956E8D9B3E}.Release|Any CPU.Build.0 = Release|Any CPU
	EndGlobalSection
	GlobalSection(SolutionProperties) = preSolution
		HideSolutionNode = FALSE
	EndGlobalSection
	GlobalSection(NestedProjects) = preSolution
		{3BD3B99E-D95A-4431-85C5-E7D1A0D079A0} = {E9F0AA30-D535-4A8B-B80E-C24481CC65F5}
		{BCFA8E43-0B2D-4A32-8535-FFF6EFB5C0E3} = {E9F0AA30-D535-4A8B-B80E-C24481CC65F5}
		{7029847C-C059-4491-97C6-45330681DDC3} = {29AEE020-C823-4474-BF10-92ACDBCE2E8E}
		{4C70C92C-A228-4BD7-831C-7FCD4DA8A0AE} = {29AEE020-C823-4474-BF10-92ACDBCE2E8E}
		{705745B2-AD06-4550-A669-7BAFF50D9E42} = {29AEE020-C823-4474-BF10-92ACDBCE2E8E}
		{124CD8CE-D1FB-40F0-8248-7E80B092426D} = {29AEE020-C823-4474-BF10-92ACDBCE2E8E}
		{CD7B4EF3-B6F9-42B3-A712-AA674EADFF64} = {B455F594-721A-4C99-B7E6-FB132DE1D677}
		{2628CBC4-B117-4A26-B3A8-49EFF1CE6437} = {B455F594-721A-4C99-B7E6-FB132DE1D677}
		{68337464-E01B-4DD1-9237-0217339F9670} = {2D101F1B-FF09-4BB5-AFF9-3BC250739F1E}
		{04CB95E6-5935-4F97-87DA-B2956E8D9B3E} = {2D101F1B-FF09-4BB5-AFF9-3BC250739F1E}
	EndGlobalSection
EndGlobal
